// !$*UTF8*$!
{
	archiveVersion = 1;
	classes = {
	};
	objectVersion = 51;
	objects = {

/* Begin PBXBuildFile section */
		3015E771F0442DC531C505F1 /* Pods_EventsApp.framework in Frameworks */ = {isa = PBXBuildFile; fileRef = 55E98B34A041A0A2D8B61276 /* Pods_EventsApp.framework */; };
		D0A18FF926E516BF002CBA31 /* UIViewController+Extension.swift in Sources */ = {isa = PBXBuildFile; fileRef = D0A18FF826E516BF002CBA31 /* UIViewController+Extension.swift */; };
		D0A1900026E51ED2002CBA31 /* EventModel.swift in Sources */ = {isa = PBXBuildFile; fileRef = D0A18FFF26E51ED2002CBA31 /* EventModel.swift */; };
		D0A1900226E51F60002CBA31 /* EventsBuilder.swift in Sources */ = {isa = PBXBuildFile; fileRef = D0A1900126E51F60002CBA31 /* EventsBuilder.swift */; };
		D0A1900526E51F83002CBA31 /* EventsListRouter.swift in Sources */ = {isa = PBXBuildFile; fileRef = D0A1900426E51F83002CBA31 /* EventsListRouter.swift */; };
		D0A1900C26E56B53002CBA31 /* EventTableViewCell.swift in Sources */ = {isa = PBXBuildFile; fileRef = D0A1900A26E56B53002CBA31 /* EventTableViewCell.swift */; };
		D0A1900D26E56B53002CBA31 /* EventTableViewCell.xib in Resources */ = {isa = PBXBuildFile; fileRef = D0A1900B26E56B53002CBA31 /* EventTableViewCell.xib */; };
		D0A1901226E577B7002CBA31 /* DetailsViewController.swift in Sources */ = {isa = PBXBuildFile; fileRef = D0A1901026E577B7002CBA31 /* DetailsViewController.swift */; };
		D0A1901326E577B7002CBA31 /* DetailsViewController.xib in Resources */ = {isa = PBXBuildFile; fileRef = D0A1901126E577B7002CBA31 /* DetailsViewController.xib */; };
		D0A1901626E57DD4002CBA31 /* PinModel.swift in Sources */ = {isa = PBXBuildFile; fileRef = D0A1901526E57DD4002CBA31 /* PinModel.swift */; };
		D0A1901926E57DFD002CBA31 /* DetailsViewModel.swift in Sources */ = {isa = PBXBuildFile; fileRef = D0A1901826E57DFD002CBA31 /* DetailsViewModel.swift */; };
		D0A1901B26E57E08002CBA31 /* DetailsBuilder.swift in Sources */ = {isa = PBXBuildFile; fileRef = D0A1901A26E57E08002CBA31 /* DetailsBuilder.swift */; };
		D0BB756D26E4AFD00000D4F2 /* AppDelegate.swift in Sources */ = {isa = PBXBuildFile; fileRef = D0BB756C26E4AFD00000D4F2 /* AppDelegate.swift */; };
		D0BB756F26E4AFD00000D4F2 /* SceneDelegate.swift in Sources */ = {isa = PBXBuildFile; fileRef = D0BB756E26E4AFD00000D4F2 /* SceneDelegate.swift */; };
		D0BB757126E4AFD00000D4F2 /* ViewController.swift in Sources */ = {isa = PBXBuildFile; fileRef = D0BB757026E4AFD00000D4F2 /* ViewController.swift */; };
		D0BB757426E4AFD00000D4F2 /* Main.storyboard in Resources */ = {isa = PBXBuildFile; fileRef = D0BB757226E4AFD00000D4F2 /* Main.storyboard */; };
		D0BB757626E4AFD10000D4F2 /* Assets.xcassets in Resources */ = {isa = PBXBuildFile; fileRef = D0BB757526E4AFD10000D4F2 /* Assets.xcassets */; };
		D0BB757926E4AFD10000D4F2 /* LaunchScreen.storyboard in Resources */ = {isa = PBXBuildFile; fileRef = D0BB757726E4AFD10000D4F2 /* LaunchScreen.storyboard */; };
		D0BB758426E4B7220000D4F2 /* TabbedRouter.swift in Sources */ = {isa = PBXBuildFile; fileRef = D0BB758326E4B7220000D4F2 /* TabbedRouter.swift */; };
		D0BB758926E4B9970000D4F2 /* EventsListViewController.swift in Sources */ = {isa = PBXBuildFile; fileRef = D0BB758726E4B9970000D4F2 /* EventsListViewController.swift */; };
		D0BB758A26E4B9970000D4F2 /* EventsListViewController.xib in Resources */ = {isa = PBXBuildFile; fileRef = D0BB758826E4B9970000D4F2 /* EventsListViewController.xib */; };
		D0BB758E26E4BC340000D4F2 /* EventsViewModel.swift in Sources */ = {isa = PBXBuildFile; fileRef = D0BB758D26E4BC340000D4F2 /* EventsViewModel.swift */; };
		D0BB759426E4BF4D0000D4F2 /* CategoryModel.swift in Sources */ = {isa = PBXBuildFile; fileRef = D0BB759326E4BF4D0000D4F2 /* CategoryModel.swift */; };
		D0BB759626E4BF7B0000D4F2 /* SegmentViewModel.swift in Sources */ = {isa = PBXBuildFile; fileRef = D0BB759526E4BF7B0000D4F2 /* SegmentViewModel.swift */; };
		D0BB759926E4C3B60000D4F2 /* Observable+Extension.swift in Sources */ = {isa = PBXBuildFile; fileRef = D0BB759826E4C3B60000D4F2 /* Observable+Extension.swift */; };
		D0BB759C26E4C4190000D4F2 /* NetworkManager.swift in Sources */ = {isa = PBXBuildFile; fileRef = D0BB759B26E4C4190000D4F2 /* NetworkManager.swift */; };
		D0BB759F26E4CA3B0000D4F2 /* UISegmentControll+Extension.swift in Sources */ = {isa = PBXBuildFile; fileRef = D0BB759E26E4CA3B0000D4F2 /* UISegmentControll+Extension.swift */; };
		D0BB75A326E4F5470000D4F2 /* TabbedViewControllerBuilder.swift in Sources */ = {isa = PBXBuildFile; fileRef = D0BB75A226E4F5470000D4F2 /* TabbedViewControllerBuilder.swift */; };
/* End PBXBuildFile section */

/* Begin PBXFileReference section */
		0B8457B06CFFF14C70220020 /* Pods-EventsApp.debug.xcconfig */ = {isa = PBXFileReference; includeInIndex = 1; lastKnownFileType = text.xcconfig; name = "Pods-EventsApp.debug.xcconfig"; path = "Target Support Files/Pods-EventsApp/Pods-EventsApp.debug.xcconfig"; sourceTree = "<group>"; };
		55E98B34A041A0A2D8B61276 /* Pods_EventsApp.framework */ = {isa = PBXFileReference; explicitFileType = wrapper.framework; includeInIndex = 0; path = Pods_EventsApp.framework; sourceTree = BUILT_PRODUCTS_DIR; };
		980AD552C20A4E9FEC9F91E8 /* Pods-EventsApp.release.xcconfig */ = {isa = PBXFileReference; includeInIndex = 1; lastKnownFileType = text.xcconfig; name = "Pods-EventsApp.release.xcconfig"; path = "Target Support Files/Pods-EventsApp/Pods-EventsApp.release.xcconfig"; sourceTree = "<group>"; };
		D0A18FF826E516BF002CBA31 /* UIViewController+Extension.swift */ = {isa = PBXFileReference; lastKnownFileType = sourcecode.swift; path = "UIViewController+Extension.swift"; sourceTree = "<group>"; };
		D0A18FFF26E51ED2002CBA31 /* EventModel.swift */ = {isa = PBXFileReference; lastKnownFileType = sourcecode.swift; path = EventModel.swift; sourceTree = "<group>"; };
		D0A1900126E51F60002CBA31 /* EventsBuilder.swift */ = {isa = PBXFileReference; lastKnownFileType = sourcecode.swift; path = EventsBuilder.swift; sourceTree = "<group>"; };
		D0A1900426E51F83002CBA31 /* EventsListRouter.swift */ = {isa = PBXFileReference; lastKnownFileType = sourcecode.swift; path = EventsListRouter.swift; sourceTree = "<group>"; };
		D0A1900A26E56B53002CBA31 /* EventTableViewCell.swift */ = {isa = PBXFileReference; lastKnownFileType = sourcecode.swift; path = EventTableViewCell.swift; sourceTree = "<group>"; };
		D0A1900B26E56B53002CBA31 /* EventTableViewCell.xib */ = {isa = PBXFileReference; lastKnownFileType = file.xib; path = EventTableViewCell.xib; sourceTree = "<group>"; };
		D0A1901026E577B7002CBA31 /* DetailsViewController.swift */ = {isa = PBXFileReference; lastKnownFileType = sourcecode.swift; path = DetailsViewController.swift; sourceTree = "<group>"; };
		D0A1901126E577B7002CBA31 /* DetailsViewController.xib */ = {isa = PBXFileReference; lastKnownFileType = file.xib; path = DetailsViewController.xib; sourceTree = "<group>"; };
		D0A1901526E57DD4002CBA31 /* PinModel.swift */ = {isa = PBXFileReference; lastKnownFileType = sourcecode.swift; path = PinModel.swift; sourceTree = "<group>"; };
		D0A1901826E57DFD002CBA31 /* DetailsViewModel.swift */ = {isa = PBXFileReference; lastKnownFileType = sourcecode.swift; path = DetailsViewModel.swift; sourceTree = "<group>"; };
		D0A1901A26E57E08002CBA31 /* DetailsBuilder.swift */ = {isa = PBXFileReference; lastKnownFileType = sourcecode.swift; path = DetailsBuilder.swift; sourceTree = "<group>"; };
		D0BB756926E4AFD00000D4F2 /* EventsApp.app */ = {isa = PBXFileReference; explicitFileType = wrapper.application; includeInIndex = 0; path = EventsApp.app; sourceTree = BUILT_PRODUCTS_DIR; };
		D0BB756C26E4AFD00000D4F2 /* AppDelegate.swift */ = {isa = PBXFileReference; lastKnownFileType = sourcecode.swift; path = AppDelegate.swift; sourceTree = "<group>"; };
		D0BB756E26E4AFD00000D4F2 /* SceneDelegate.swift */ = {isa = PBXFileReference; lastKnownFileType = sourcecode.swift; path = SceneDelegate.swift; sourceTree = "<group>"; };
		D0BB757026E4AFD00000D4F2 /* ViewController.swift */ = {isa = PBXFileReference; lastKnownFileType = sourcecode.swift; path = ViewController.swift; sourceTree = "<group>"; };
		D0BB757326E4AFD00000D4F2 /* Base */ = {isa = PBXFileReference; lastKnownFileType = file.storyboard; name = Base; path = Base.lproj/Main.storyboard; sourceTree = "<group>"; };
		D0BB757526E4AFD10000D4F2 /* Assets.xcassets */ = {isa = PBXFileReference; lastKnownFileType = folder.assetcatalog; path = Assets.xcassets; sourceTree = "<group>"; };
		D0BB757826E4AFD10000D4F2 /* Base */ = {isa = PBXFileReference; lastKnownFileType = file.storyboard; name = Base; path = Base.lproj/LaunchScreen.storyboard; sourceTree = "<group>"; };
		D0BB757A26E4AFD10000D4F2 /* Info.plist */ = {isa = PBXFileReference; lastKnownFileType = text.plist.xml; path = Info.plist; sourceTree = "<group>"; };
		D0BB758326E4B7220000D4F2 /* TabbedRouter.swift */ = {isa = PBXFileReference; lastKnownFileType = sourcecode.swift; path = TabbedRouter.swift; sourceTree = "<group>"; };
		D0BB758726E4B9970000D4F2 /* EventsListViewController.swift */ = {isa = PBXFileReference; lastKnownFileType = sourcecode.swift; path = EventsListViewController.swift; sourceTree = "<group>"; };
		D0BB758826E4B9970000D4F2 /* EventsListViewController.xib */ = {isa = PBXFileReference; lastKnownFileType = file.xib; path = EventsListViewController.xib; sourceTree = "<group>"; };
		D0BB758D26E4BC340000D4F2 /* EventsViewModel.swift */ = {isa = PBXFileReference; lastKnownFileType = sourcecode.swift; path = EventsViewModel.swift; sourceTree = "<group>"; };
		D0BB759326E4BF4D0000D4F2 /* CategoryModel.swift */ = {isa = PBXFileReference; lastKnownFileType = sourcecode.swift; path = CategoryModel.swift; sourceTree = "<group>"; };
		D0BB759526E4BF7B0000D4F2 /* SegmentViewModel.swift */ = {isa = PBXFileReference; lastKnownFileType = sourcecode.swift; path = SegmentViewModel.swift; sourceTree = "<group>"; };
		D0BB759826E4C3B60000D4F2 /* Observable+Extension.swift */ = {isa = PBXFileReference; lastKnownFileType = sourcecode.swift; path = "Observable+Extension.swift"; sourceTree = "<group>"; };
		D0BB759B26E4C4190000D4F2 /* NetworkManager.swift */ = {isa = PBXFileReference; lastKnownFileType = sourcecode.swift; path = NetworkManager.swift; sourceTree = "<group>"; };
		D0BB759E26E4CA3B0000D4F2 /* UISegmentControll+Extension.swift */ = {isa = PBXFileReference; lastKnownFileType = sourcecode.swift; path = "UISegmentControll+Extension.swift"; sourceTree = "<group>"; };
		D0BB75A226E4F5470000D4F2 /* TabbedViewControllerBuilder.swift */ = {isa = PBXFileReference; lastKnownFileType = sourcecode.swift; path = TabbedViewControllerBuilder.swift; sourceTree = "<group>"; };
/* End PBXFileReference section */

/* Begin PBXFrameworksBuildPhase section */
		D0BB756626E4AFD00000D4F2 /* Frameworks */ = {
			isa = PBXFrameworksBuildPhase;
			buildActionMask = 2147483647;
			files = (
				3015E771F0442DC531C505F1 /* Pods_EventsApp.framework in Frameworks */,
			);
			runOnlyForDeploymentPostprocessing = 0;
		};
/* End PBXFrameworksBuildPhase section */

/* Begin PBXGroup section */
		9CBC0F99B02625E8FCCE68F2 /* Pods */ = {
			isa = PBXGroup;
			children = (
				0B8457B06CFFF14C70220020 /* Pods-EventsApp.debug.xcconfig */,
				980AD552C20A4E9FEC9F91E8 /* Pods-EventsApp.release.xcconfig */,
			);
			path = Pods;
			sourceTree = "<group>";
		};
		CCCBE2A99D97BC1E009C8B78 /* Frameworks */ = {
			isa = PBXGroup;
			children = (
				55E98B34A041A0A2D8B61276 /* Pods_EventsApp.framework */,
			);
			name = Frameworks;
			sourceTree = "<group>";
		};
		D0A18FFA26E51E98002CBA31 /* Builder */ = {
			isa = PBXGroup;
			children = (
				D0A1900126E51F60002CBA31 /* EventsBuilder.swift */,
			);
			path = Builder;
			sourceTree = "<group>";
		};
		D0A1900326E51F77002CBA31 /* Router */ = {
			isa = PBXGroup;
			children = (
				D0A1900426E51F83002CBA31 /* EventsListRouter.swift */,
			);
			path = Router;
			sourceTree = "<group>";
		};
		D0A1900E26E57791002CBA31 /* Details */ = {
			isa = PBXGroup;
			children = (
				D0A1901C26E57E67002CBA31 /* Builder */,
				D0A1901726E57DF5002CBA31 /* ViewModel */,
				D0A1901426E57DC8002CBA31 /* Model */,
				D0A1900F26E577A9002CBA31 /* View */,
			);
			path = Details;
			sourceTree = "<group>";
		};
		D0A1900F26E577A9002CBA31 /* View */ = {
			isa = PBXGroup;
			children = (
				D0A1901026E577B7002CBA31 /* DetailsViewController.swift */,
				D0A1901126E577B7002CBA31 /* DetailsViewController.xib */,
			);
			path = View;
			sourceTree = "<group>";
		};
		D0A1901426E57DC8002CBA31 /* Model */ = {
			isa = PBXGroup;
			children = (
				D0A1901526E57DD4002CBA31 /* PinModel.swift */,
			);
			path = Model;
			sourceTree = "<group>";
		};
		D0A1901726E57DF5002CBA31 /* ViewModel */ = {
			isa = PBXGroup;
			children = (
				D0A1901826E57DFD002CBA31 /* DetailsViewModel.swift */,
			);
			path = ViewModel;
			sourceTree = "<group>";
		};
		D0A1901C26E57E67002CBA31 /* Builder */ = {
			isa = PBXGroup;
			children = (
				D0A1901A26E57E08002CBA31 /* DetailsBuilder.swift */,
			);
			path = Builder;
			sourceTree = "<group>";
		};
		D0BB756026E4AFD00000D4F2 = {
			isa = PBXGroup;
			children = (
				D0BB756B26E4AFD00000D4F2 /* EventsApp */,
				D0BB756A26E4AFD00000D4F2 /* Products */,
				9CBC0F99B02625E8FCCE68F2 /* Pods */,
				CCCBE2A99D97BC1E009C8B78 /* Frameworks */,
			);
			sourceTree = "<group>";
		};
		D0BB756A26E4AFD00000D4F2 /* Products */ = {
			isa = PBXGroup;
			children = (
				D0BB756926E4AFD00000D4F2 /* EventsApp.app */,
			);
			name = Products;
			sourceTree = "<group>";
		};
		D0BB756B26E4AFD00000D4F2 /* EventsApp */ = {
			isa = PBXGroup;
			children = (
				D0BB759D26E4C9350000D4F2 /* Modules */,
				D0BB759A26E4C4100000D4F2 /* Network */,
				D0BB759726E4C39F0000D4F2 /* Extensions */,
				D0BB756C26E4AFD00000D4F2 /* AppDelegate.swift */,
				D0BB756E26E4AFD00000D4F2 /* SceneDelegate.swift */,
				D0BB757526E4AFD10000D4F2 /* Assets.xcassets */,
				D0BB757726E4AFD10000D4F2 /* LaunchScreen.storyboard */,
				D0BB757A26E4AFD10000D4F2 /* Info.plist */,
			);
			path = EventsApp;
			sourceTree = "<group>";
		};
		D0BB758026E4B3F70000D4F2 /* TabbedModule */ = {
			isa = PBXGroup;
			children = (
				D0BB75A126E4F3FB0000D4F2 /* Builder */,
				D0BB75A026E4F1760000D4F2 /* Router */,
				D0BB759226E4BE440000D4F2 /* ViewModel */,
				D0BB759126E4BE3F0000D4F2 /* Model */,
				D0BB759026E4BE360000D4F2 /* View */,
			);
			path = TabbedModule;
			sourceTree = "<group>";
		};
		D0BB758526E4B9260000D4F2 /* EventsList */ = {
			isa = PBXGroup;
			children = (
				D0A1900326E51F77002CBA31 /* Router */,
				D0A18FFA26E51E98002CBA31 /* Builder */,
				D0BB758C26E4BBFD0000D4F2 /* ViewModel */,
				D0BB758B26E4BBF80000D4F2 /* Models */,
				D0BB758626E4B9340000D4F2 /* View */,
			);
			path = EventsList;
			sourceTree = "<group>";
		};
		D0BB758626E4B9340000D4F2 /* View */ = {
			isa = PBXGroup;
			children = (
				D0BB758F26E4BDAE0000D4F2 /* Cell */,
				D0BB758726E4B9970000D4F2 /* EventsListViewController.swift */,
				D0BB758826E4B9970000D4F2 /* EventsListViewController.xib */,
			);
			path = View;
			sourceTree = "<group>";
		};
		D0BB758B26E4BBF80000D4F2 /* Models */ = {
			isa = PBXGroup;
			children = (
				D0A18FFF26E51ED2002CBA31 /* EventModel.swift */,
			);
			path = Models;
			sourceTree = "<group>";
		};
		D0BB758C26E4BBFD0000D4F2 /* ViewModel */ = {
			isa = PBXGroup;
			children = (
				D0BB758D26E4BC340000D4F2 /* EventsViewModel.swift */,
			);
			path = ViewModel;
			sourceTree = "<group>";
		};
		D0BB758F26E4BDAE0000D4F2 /* Cell */ = {
			isa = PBXGroup;
			children = (
				D0A1900A26E56B53002CBA31 /* EventTableViewCell.swift */,
				D0A1900B26E56B53002CBA31 /* EventTableViewCell.xib */,
			);
			path = Cell;
			sourceTree = "<group>";
		};
		D0BB759026E4BE360000D4F2 /* View */ = {
			isa = PBXGroup;
			children = (
				D0BB757226E4AFD00000D4F2 /* Main.storyboard */,
				D0BB757026E4AFD00000D4F2 /* ViewController.swift */,
			);
			path = View;
			sourceTree = "<group>";
		};
		D0BB759126E4BE3F0000D4F2 /* Model */ = {
			isa = PBXGroup;
			children = (
				D0BB759326E4BF4D0000D4F2 /* CategoryModel.swift */,
			);
			path = Model;
			sourceTree = "<group>";
		};
		D0BB759226E4BE440000D4F2 /* ViewModel */ = {
			isa = PBXGroup;
			children = (
				D0BB759526E4BF7B0000D4F2 /* SegmentViewModel.swift */,
			);
			path = ViewModel;
			sourceTree = "<group>";
		};
		D0BB759726E4C39F0000D4F2 /* Extensions */ = {
			isa = PBXGroup;
			children = (
				D0BB759826E4C3B60000D4F2 /* Observable+Extension.swift */,
				D0BB759E26E4CA3B0000D4F2 /* UISegmentControll+Extension.swift */,
				D0A18FF826E516BF002CBA31 /* UIViewController+Extension.swift */,
			);
			path = Extensions;
			sourceTree = "<group>";
		};
		D0BB759A26E4C4100000D4F2 /* Network */ = {
			isa = PBXGroup;
			children = (
				D0BB759B26E4C4190000D4F2 /* NetworkManager.swift */,
			);
			path = Network;
			sourceTree = "<group>";
		};
		D0BB759D26E4C9350000D4F2 /* Modules */ = {
			isa = PBXGroup;
			children = (
				D0A1900E26E57791002CBA31 /* Details */,
				D0BB758526E4B9260000D4F2 /* EventsList */,
				D0BB758026E4B3F70000D4F2 /* TabbedModule */,
			);
			path = Modules;
			sourceTree = "<group>";
		};
		D0BB75A026E4F1760000D4F2 /* Router */ = {
			isa = PBXGroup;
			children = (
				D0BB758326E4B7220000D4F2 /* TabbedRouter.swift */,
			);
			path = Router;
			sourceTree = "<group>";
		};
		D0BB75A126E4F3FB0000D4F2 /* Builder */ = {
			isa = PBXGroup;
			children = (
				D0BB75A226E4F5470000D4F2 /* TabbedViewControllerBuilder.swift */,
			);
			path = Builder;
			sourceTree = "<group>";
		};
/* End PBXGroup section */

/* Begin PBXNativeTarget section */
		D0BB756826E4AFD00000D4F2 /* EventsApp */ = {
			isa = PBXNativeTarget;
			buildConfigurationList = D0BB757D26E4AFD10000D4F2 /* Build configuration list for PBXNativeTarget "EventsApp" */;
			buildPhases = (
				3BA19AE8075A855231E6973C /* [CP] Check Pods Manifest.lock */,
				D0BB756526E4AFD00000D4F2 /* Sources */,
				D0BB756626E4AFD00000D4F2 /* Frameworks */,
				D0BB756726E4AFD00000D4F2 /* Resources */,
				E1A4899B82C83F86EBF1264F /* [CP] Embed Pods Frameworks */,
			);
			buildRules = (
			);
			dependencies = (
			);
			name = EventsApp;
			productName = EventsApp;
			productReference = D0BB756926E4AFD00000D4F2 /* EventsApp.app */;
			productType = "com.apple.product-type.application";
		};
/* End PBXNativeTarget section */

/* Begin PBXProject section */
		D0BB756126E4AFD00000D4F2 /* Project object */ = {
			isa = PBXProject;
			attributes = {
				LastSwiftUpdateCheck = 1250;
				LastUpgradeCheck = 1250;
				TargetAttributes = {
					D0BB756826E4AFD00000D4F2 = {
						CreatedOnToolsVersion = 12.5.1;
					};
				};
			};
			buildConfigurationList = D0BB756426E4AFD00000D4F2 /* Build configuration list for PBXProject "EventsApp" */;
			compatibilityVersion = "Xcode 9.3";
			developmentRegion = en;
			hasScannedForEncodings = 0;
			knownRegions = (
				en,
				Base,
			);
			mainGroup = D0BB756026E4AFD00000D4F2;
			productRefGroup = D0BB756A26E4AFD00000D4F2 /* Products */;
			projectDirPath = "";
			projectRoot = "";
			targets = (
				D0BB756826E4AFD00000D4F2 /* EventsApp */,
			);
		};
/* End PBXProject section */

/* Begin PBXResourcesBuildPhase section */
		D0BB756726E4AFD00000D4F2 /* Resources */ = {
			isa = PBXResourcesBuildPhase;
			buildActionMask = 2147483647;
			files = (
				D0A1900D26E56B53002CBA31 /* EventTableViewCell.xib in Resources */,
				D0BB757926E4AFD10000D4F2 /* LaunchScreen.storyboard in Resources */,
				D0BB758A26E4B9970000D4F2 /* EventsListViewController.xib in Resources */,
				D0BB757626E4AFD10000D4F2 /* Assets.xcassets in Resources */,
				D0BB757426E4AFD00000D4F2 /* Main.storyboard in Resources */,
				D0A1901326E577B7002CBA31 /* DetailsViewController.xib in Resources */,
			);
			runOnlyForDeploymentPostprocessing = 0;
		};
/* End PBXResourcesBuildPhase section */

/* Begin PBXShellScriptBuildPhase section */
		3BA19AE8075A855231E6973C /* [CP] Check Pods Manifest.lock */ = {
			isa = PBXShellScriptBuildPhase;
			buildActionMask = 2147483647;
			files = (
			);
			inputFileListPaths = (
			);
			inputPaths = (
				"${PODS_PODFILE_DIR_PATH}/Podfile.lock",
				"${PODS_ROOT}/Manifest.lock",
			);
			name = "[CP] Check Pods Manifest.lock";
			outputFileListPaths = (
			);
			outputPaths = (
				"$(DERIVED_FILE_DIR)/Pods-EventsApp-checkManifestLockResult.txt",
			);
			runOnlyForDeploymentPostprocessing = 0;
			shellPath = /bin/sh;
			shellScript = "diff \"${PODS_PODFILE_DIR_PATH}/Podfile.lock\" \"${PODS_ROOT}/Manifest.lock\" > /dev/null\nif [ $? != 0 ] ; then\n    # print error to STDERR\n    echo \"error: The sandbox is not in sync with the Podfile.lock. Run 'pod install' or update your CocoaPods installation.\" >&2\n    exit 1\nfi\n# This output is used by Xcode 'outputs' to avoid re-running this script phase.\necho \"SUCCESS\" > \"${SCRIPT_OUTPUT_FILE_0}\"\n";
			showEnvVarsInLog = 0;
		};
		E1A4899B82C83F86EBF1264F /* [CP] Embed Pods Frameworks */ = {
			isa = PBXShellScriptBuildPhase;
			buildActionMask = 2147483647;
			files = (
			);
			inputFileListPaths = (
				"${PODS_ROOT}/Target Support Files/Pods-EventsApp/Pods-EventsApp-frameworks-${CONFIGURATION}-input-files.xcfilelist",
			);
			name = "[CP] Embed Pods Frameworks";
			outputFileListPaths = (
				"${PODS_ROOT}/Target Support Files/Pods-EventsApp/Pods-EventsApp-frameworks-${CONFIGURATION}-output-files.xcfilelist",
			);
			runOnlyForDeploymentPostprocessing = 0;
			shellPath = /bin/sh;
			shellScript = "\"${PODS_ROOT}/Target Support Files/Pods-EventsApp/Pods-EventsApp-frameworks.sh\"\n";
			showEnvVarsInLog = 0;
		};
/* End PBXShellScriptBuildPhase section */

/* Begin PBXSourcesBuildPhase section */
		D0BB756526E4AFD00000D4F2 /* Sources */ = {
			isa = PBXSourcesBuildPhase;
			buildActionMask = 2147483647;
			files = (
				D0BB759F26E4CA3B0000D4F2 /* UISegmentControll+Extension.swift in Sources */,
				D0A18FF926E516BF002CBA31 /* UIViewController+Extension.swift in Sources */,
				D0BB759626E4BF7B0000D4F2 /* SegmentViewModel.swift in Sources */,
				D0A1900526E51F83002CBA31 /* EventsListRouter.swift in Sources */,
				D0A1901B26E57E08002CBA31 /* DetailsBuilder.swift in Sources */,
				D0A1901626E57DD4002CBA31 /* PinModel.swift in Sources */,
				D0BB757126E4AFD00000D4F2 /* ViewController.swift in Sources */,
				D0A1900026E51ED2002CBA31 /* EventModel.swift in Sources */,
				D0A1901926E57DFD002CBA31 /* DetailsViewModel.swift in Sources */,
				D0BB759C26E4C4190000D4F2 /* NetworkManager.swift in Sources */,
				D0BB758926E4B9970000D4F2 /* EventsListViewController.swift in Sources */,
				D0BB756D26E4AFD00000D4F2 /* AppDelegate.swift in Sources */,
				D0BB758E26E4BC340000D4F2 /* EventsViewModel.swift in Sources */,
				D0BB759426E4BF4D0000D4F2 /* CategoryModel.swift in Sources */,
				D0A1901226E577B7002CBA31 /* DetailsViewController.swift in Sources */,
				D0A1900C26E56B53002CBA31 /* EventTableViewCell.swift in Sources */,
				D0BB75A326E4F5470000D4F2 /* TabbedViewControllerBuilder.swift in Sources */,
				D0BB759926E4C3B60000D4F2 /* Observable+Extension.swift in Sources */,
				D0BB756F26E4AFD00000D4F2 /* SceneDelegate.swift in Sources */,
				D0BB758426E4B7220000D4F2 /* TabbedRouter.swift in Sources */,
				D0A1900226E51F60002CBA31 /* EventsBuilder.swift in Sources */,
			);
			runOnlyForDeploymentPostprocessing = 0;
		};
/* End PBXSourcesBuildPhase section */

/* Begin PBXVariantGroup section */
		D0BB757226E4AFD00000D4F2 /* Main.storyboard */ = {
			isa = PBXVariantGroup;
			children = (
				D0BB757326E4AFD00000D4F2 /* Base */,
			);
			name = Main.storyboard;
			sourceTree = "<group>";
		};
		D0BB757726E4AFD10000D4F2 /* LaunchScreen.storyboard */ = {
			isa = PBXVariantGroup;
			children = (
				D0BB757826E4AFD10000D4F2 /* Base */,
			);
			name = LaunchScreen.storyboard;
			sourceTree = "<group>";
		};
/* End PBXVariantGroup section */

/* Begin XCBuildConfiguration section */
		D0BB757B26E4AFD10000D4F2 /* Debug */ = {
			isa = XCBuildConfiguration;
			buildSettings = {
				ALWAYS_SEARCH_USER_PATHS = NO;
				CLANG_ANALYZER_NONNULL = YES;
				CLANG_ANALYZER_NUMBER_OBJECT_CONVERSION = YES_AGGRESSIVE;
				CLANG_CXX_LANGUAGE_STANDARD = "gnu++14";
				CLANG_CXX_LIBRARY = "libc++";
				CLANG_ENABLE_MODULES = YES;
				CLANG_ENABLE_OBJC_ARC = YES;
				CLANG_ENABLE_OBJC_WEAK = YES;
				CLANG_WARN_BLOCK_CAPTURE_AUTORELEASING = YES;
				CLANG_WARN_BOOL_CONVERSION = YES;
				CLANG_WARN_COMMA = YES;
				CLANG_WARN_CONSTANT_CONVERSION = YES;
				CLANG_WARN_DEPRECATED_OBJC_IMPLEMENTATIONS = YES;
				CLANG_WARN_DIRECT_OBJC_ISA_USAGE = YES_ERROR;
				CLANG_WARN_DOCUMENTATION_COMMENTS = YES;
				CLANG_WARN_EMPTY_BODY = YES;
				CLANG_WARN_ENUM_CONVERSION = YES;
				CLANG_WARN_INFINITE_RECURSION = YES;
				CLANG_WARN_INT_CONVERSION = YES;
				CLANG_WARN_NON_LITERAL_NULL_CONVERSION = YES;
				CLANG_WARN_OBJC_IMPLICIT_RETAIN_SELF = YES;
				CLANG_WARN_OBJC_LITERAL_CONVERSION = YES;
				CLANG_WARN_OBJC_ROOT_CLASS = YES_ERROR;
				CLANG_WARN_QUOTED_INCLUDE_IN_FRAMEWORK_HEADER = YES;
				CLANG_WARN_RANGE_LOOP_ANALYSIS = YES;
				CLANG_WARN_STRICT_PROTOTYPES = YES;
				CLANG_WARN_SUSPICIOUS_MOVE = YES;
				CLANG_WARN_UNGUARDED_AVAILABILITY = YES_AGGRESSIVE;
				CLANG_WARN_UNREACHABLE_CODE = YES;
				CLANG_WARN__DUPLICATE_METHOD_MATCH = YES;
				COPY_PHASE_STRIP = NO;
				DEBUG_INFORMATION_FORMAT = dwarf;
				ENABLE_STRICT_OBJC_MSGSEND = YES;
				ENABLE_TESTABILITY = YES;
				GCC_C_LANGUAGE_STANDARD = gnu11;
				GCC_DYNAMIC_NO_PIC = NO;
				GCC_NO_COMMON_BLOCKS = YES;
				GCC_OPTIMIZATION_LEVEL = 0;
				GCC_PREPROCESSOR_DEFINITIONS = (
					"DEBUG=1",
					"$(inherited)",
				);
				GCC_WARN_64_TO_32_BIT_CONVERSION = YES;
				GCC_WARN_ABOUT_RETURN_TYPE = YES_ERROR;
				GCC_WARN_UNDECLARED_SELECTOR = YES;
				GCC_WARN_UNINITIALIZED_AUTOS = YES_AGGRESSIVE;
				GCC_WARN_UNUSED_FUNCTION = YES;
				GCC_WARN_UNUSED_VARIABLE = YES;
				IPHONEOS_DEPLOYMENT_TARGET = 14.5;
				MTL_ENABLE_DEBUG_INFO = INCLUDE_SOURCE;
				MTL_FAST_MATH = YES;
				ONLY_ACTIVE_ARCH = YES;
				SDKROOT = iphoneos;
				SWIFT_ACTIVE_COMPILATION_CONDITIONS = DEBUG;
				SWIFT_OPTIMIZATION_LEVEL = "-Onone";
			};
			name = Debug;
		};
		D0BB757C26E4AFD10000D4F2 /* Release */ = {
			isa = XCBuildConfiguration;
			buildSettings = {
				ALWAYS_SEARCH_USER_PATHS = NO;
				CLANG_ANALYZER_NONNULL = YES;
				CLANG_ANALYZER_NUMBER_OBJECT_CONVERSION = YES_AGGRESSIVE;
				CLANG_CXX_LANGUAGE_STANDARD = "gnu++14";
				CLANG_CXX_LIBRARY = "libc++";
				CLANG_ENABLE_MODULES = YES;
				CLANG_ENABLE_OBJC_ARC = YES;
				CLANG_ENABLE_OBJC_WEAK = YES;
				CLANG_WARN_BLOCK_CAPTURE_AUTORELEASING = YES;
				CLANG_WARN_BOOL_CONVERSION = YES;
				CLANG_WARN_COMMA = YES;
				CLANG_WARN_CONSTANT_CONVERSION = YES;
				CLANG_WARN_DEPRECATED_OBJC_IMPLEMENTATIONS = YES;
				CLANG_WARN_DIRECT_OBJC_ISA_USAGE = YES_ERROR;
				CLANG_WARN_DOCUMENTATION_COMMENTS = YES;
				CLANG_WARN_EMPTY_BODY = YES;
				CLANG_WARN_ENUM_CONVERSION = YES;
				CLANG_WARN_INFINITE_RECURSION = YES;
				CLANG_WARN_INT_CONVERSION = YES;
				CLANG_WARN_NON_LITERAL_NULL_CONVERSION = YES;
				CLANG_WARN_OBJC_IMPLICIT_RETAIN_SELF = YES;
				CLANG_WARN_OBJC_LITERAL_CONVERSION = YES;
				CLANG_WARN_OBJC_ROOT_CLASS = YES_ERROR;
				CLANG_WARN_QUOTED_INCLUDE_IN_FRAMEWORK_HEADER = YES;
				CLANG_WARN_RANGE_LOOP_ANALYSIS = YES;
				CLANG_WARN_STRICT_PROTOTYPES = YES;
				CLANG_WARN_SUSPICIOUS_MOVE = YES;
				CLANG_WARN_UNGUARDED_AVAILABILITY = YES_AGGRESSIVE;
				CLANG_WARN_UNREACHABLE_CODE = YES;
				CLANG_WARN__DUPLICATE_METHOD_MATCH = YES;
				COPY_PHASE_STRIP = NO;
				DEBUG_INFORMATION_FORMAT = "dwarf-with-dsym";
				ENABLE_NS_ASSERTIONS = NO;
				ENABLE_STRICT_OBJC_MSGSEND = YES;
				GCC_C_LANGUAGE_STANDARD = gnu11;
				GCC_NO_COMMON_BLOCKS = YES;
				GCC_WARN_64_TO_32_BIT_CONVERSION = YES;
				GCC_WARN_ABOUT_RETURN_TYPE = YES_ERROR;
				GCC_WARN_UNDECLARED_SELECTOR = YES;
				GCC_WARN_UNINITIALIZED_AUTOS = YES_AGGRESSIVE;
				GCC_WARN_UNUSED_FUNCTION = YES;
				GCC_WARN_UNUSED_VARIABLE = YES;
				IPHONEOS_DEPLOYMENT_TARGET = 14.5;
				MTL_ENABLE_DEBUG_INFO = NO;
				MTL_FAST_MATH = YES;
				SDKROOT = iphoneos;
				SWIFT_COMPILATION_MODE = wholemodule;
				SWIFT_OPTIMIZATION_LEVEL = "-O";
				VALIDATE_PRODUCT = YES;
			};
			name = Release;
		};
		D0BB757E26E4AFD10000D4F2 /* Debug */ = {
			isa = XCBuildConfiguration;
			baseConfigurationReference = 0B8457B06CFFF14C70220020 /* Pods-EventsApp.debug.xcconfig */;
			buildSettings = {
				ASSETCATALOG_COMPILER_APPICON_NAME = AppIcon;
				ASSETCATALOG_COMPILER_GLOBAL_ACCENT_COLOR_NAME = AccentColor;
				CODE_SIGN_STYLE = Automatic;
				INFOPLIST_FILE = EventsApp/Info.plist;
				LD_RUNPATH_SEARCH_PATHS = (
					"$(inherited)",
					"@executable_path/Frameworks",
				);
				PRODUCT_BUNDLE_IDENTIFIER = com.EventsApp;
				PRODUCT_NAME = "$(TARGET_NAME)";
				SWIFT_VERSION = 5.0;
				TARGETED_DEVICE_FAMILY = "1,2";
			};
			name = Debug;
		};
		D0BB757F26E4AFD10000D4F2 /* Release */ = {
			isa = XCBuildConfiguration;
			baseConfigurationReference = 980AD552C20A4E9FEC9F91E8 /* Pods-EventsApp.release.xcconfig */;
			buildSettings = {
				ASSETCATALOG_COMPILER_APPICON_NAME = AppIcon;
				ASSETCATALOG_COMPILER_GLOBAL_ACCENT_COLOR_NAME = AccentColor;
				CODE_SIGN_STYLE = Automatic;
				INFOPLIST_FILE = EventsApp/Info.plist;
				LD_RUNPATH_SEARCH_PATHS = (
					"$(inherited)",
					"@executable_path/Frameworks",
				);
				PRODUCT_BUNDLE_IDENTIFIER = com.EventsApp;
				PRODUCT_NAME = "$(TARGET_NAME)";
				SWIFT_VERSION = 5.0;
				TARGETED_DEVICE_FAMILY = "1,2";
			};
			name = Release;
		};
/* End XCBuildConfiguration section */

/* Begin XCConfigurationList section */
		D0BB756426E4AFD00000D4F2 /* Build configuration list for PBXProject "EventsApp" */ = {
			isa = XCConfigurationList;
			buildConfigurations = (
				D0BB757B26E4AFD10000D4F2 /* Debug */,
				D0BB757C26E4AFD10000D4F2 /* Release */,
			);
			defaultConfigurationIsVisible = 0;
			defaultConfigurationName = Release;
		};
		D0BB757D26E4AFD10000D4F2 /* Build configuration list for PBXNativeTarget "EventsApp" */ = {
			isa = XCConfigurationList;
			buildConfigurations = (
				D0BB757E26E4AFD10000D4F2 /* Debug */,
				D0BB757F26E4AFD10000D4F2 /* Release */,
			);
			defaultConfigurationIsVisible = 0;
			defaultConfigurationName = Release;
		};
/* End XCConfigurationList section */
	};
	rootObject = D0BB756126E4AFD00000D4F2 /* Project object */;
}
